// !$*UTF8*$!
{
	archiveVersion = 1;
	classes = {
	};
	objectVersion = 46;
	objects = {

/* Begin PBXBuildFile section */
		378F62D91A400DF600C6FA72 /* AppDelegate.swift in Sources */ = {isa = PBXBuildFile; fileRef = 378F62D81A400DF600C6FA72 /* AppDelegate.swift */; };
		378F62DB1A400DF600C6FA72 /* ViewController.swift in Sources */ = {isa = PBXBuildFile; fileRef = 378F62DA1A400DF600C6FA72 /* ViewController.swift */; };
		378F62DE1A400DF600C6FA72 /* Main.storyboard in Resources */ = {isa = PBXBuildFile; fileRef = 378F62DC1A400DF600C6FA72 /* Main.storyboard */; };
		378F62E01A400DF600C6FA72 /* Images.xcassets in Resources */ = {isa = PBXBuildFile; fileRef = 378F62DF1A400DF600C6FA72 /* Images.xcassets */; };
		378F62E31A400DF600C6FA72 /* LaunchScreen.xib in Resources */ = {isa = PBXBuildFile; fileRef = 378F62E11A400DF600C6FA72 /* LaunchScreen.xib */; };
		378F62EF1A400DF600C6FA72 /* Demo_AppTests.swift in Sources */ = {isa = PBXBuildFile; fileRef = 378F62EE1A400DF600C6FA72 /* Demo_AppTests.swift */; };
/* End PBXBuildFile section */

/* Begin PBXContainerItemProxy section */
		378F62E91A400DF600C6FA72 /* PBXContainerItemProxy */ = {
			isa = PBXContainerItemProxy;
			containerPortal = 378F62CB1A400DF600C6FA72 /* Project object */;
			proxyType = 1;
			remoteGlobalIDString = 378F62D21A400DF600C6FA72;
			remoteInfo = "Demo App";
		};
/* End PBXContainerItemProxy section */

/* Begin PBXFileReference section */
		378F62D31A400DF600C6FA72 /* Demo App.app */ = {isa = PBXFileReference; explicitFileType = wrapper.application; includeInIndex = 0; path = "Demo App.app"; sourceTree = BUILT_PRODUCTS_DIR; };
		378F62D71A400DF600C6FA72 /* Info.plist */ = {isa = PBXFileReference; lastKnownFileType = text.plist.xml; path = Info.plist; sourceTree = "<group>"; };
		378F62D81A400DF600C6FA72 /* AppDelegate.swift */ = {isa = PBXFileReference; lastKnownFileType = sourcecode.swift; path = AppDelegate.swift; sourceTree = "<group>"; };
		378F62DA1A400DF600C6FA72 /* ViewController.swift */ = {isa = PBXFileReference; lastKnownFileType = sourcecode.swift; path = ViewController.swift; sourceTree = "<group>"; };
		378F62DD1A400DF600C6FA72 /* Base */ = {isa = PBXFileReference; lastKnownFileType = file.storyboard; name = Base; path = Base.lproj/Main.storyboard; sourceTree = "<group>"; };
		378F62DF1A400DF600C6FA72 /* Images.xcassets */ = {isa = PBXFileReference; lastKnownFileType = folder.assetcatalog; path = Images.xcassets; sourceTree = "<group>"; };
		378F62E21A400DF600C6FA72 /* Base */ = {isa = PBXFileReference; lastKnownFileType = file.xib; name = Base; path = Base.lproj/LaunchScreen.xib; sourceTree = "<group>"; };
		378F62E81A400DF600C6FA72 /* Demo AppTests.xctest */ = {isa = PBXFileReference; explicitFileType = wrapper.cfbundle; includeInIndex = 0; path = "Demo AppTests.xctest"; sourceTree = BUILT_PRODUCTS_DIR; };
		378F62ED1A400DF600C6FA72 /* Info.plist */ = {isa = PBXFileReference; lastKnownFileType = text.plist.xml; path = Info.plist; sourceTree = "<group>"; };
		378F62EE1A400DF600C6FA72 /* Demo_AppTests.swift */ = {isa = PBXFileReference; lastKnownFileType = sourcecode.swift; path = Demo_AppTests.swift; sourceTree = "<group>"; };
/* End PBXFileReference section */

/* Begin PBXFrameworksBuildPhase section */
		378F62D01A400DF600C6FA72 /* Frameworks */ = {
			isa = PBXFrameworksBuildPhase;
			buildActionMask = 2147483647;
			files = (
			);
			runOnlyForDeploymentPostprocessing = 0;
		};
		378F62E51A400DF600C6FA72 /* Frameworks */ = {
			isa = PBXFrameworksBuildPhase;
			buildActionMask = 2147483647;
			files = (
			);
			runOnlyForDeploymentPostprocessing = 0;
		};
/* End PBXFrameworksBuildPhase section */

/* Begin PBXGroup section */
		378F62CA1A400DF600C6FA72 = {
			isa = PBXGroup;
			children = (
				378F62D51A400DF600C6FA72 /* Demo App */,
				378F62EB1A400DF600C6FA72 /* Demo AppTests */,
				378F62D41A400DF600C6FA72 /* Products */,
			);
			sourceTree = "<group>";
		};
		378F62D41A400DF600C6FA72 /* Products */ = {
			isa = PBXGroup;
			children = (
				378F62D31A400DF600C6FA72 /* Demo App.app */,
				378F62E81A400DF600C6FA72 /* Demo AppTests.xctest */,
			);
			name = Products;
			sourceTree = "<group>";
		};
		378F62D51A400DF600C6FA72 /* Demo App */ = {
			isa = PBXGroup;
			children = (
				378F62D81A400DF600C6FA72 /* AppDelegate.swift */,
				378F62DA1A400DF600C6FA72 /* ViewController.swift */,
				378F62DC1A400DF600C6FA72 /* Main.storyboard */,
				378F62DF1A400DF600C6FA72 /* Images.xcassets */,
				378F62E11A400DF600C6FA72 /* LaunchScreen.xib */,
				378F62D61A400DF600C6FA72 /* Supporting Files */,
			);
			path = "Demo App";
			sourceTree = "<group>";
		};
		378F62D61A400DF600C6FA72 /* Supporting Files */ = {
			isa = PBXGroup;
			children = (
				378F62D71A400DF600C6FA72 /* Info.plist */,
			);
			name = "Supporting Files";
			sourceTree = "<group>";
		};
		378F62EB1A400DF600C6FA72 /* Demo AppTests */ = {
			isa = PBXGroup;
			children = (
				378F62EE1A400DF600C6FA72 /* Demo_AppTests.swift */,
				378F62EC1A400DF600C6FA72 /* Supporting Files */,
			);
			path = "Demo AppTests";
			sourceTree = "<group>";
		};
		378F62EC1A400DF600C6FA72 /* Supporting Files */ = {
			isa = PBXGroup;
			children = (
				378F62ED1A400DF600C6FA72 /* Info.plist */,
			);
			name = "Supporting Files";
			sourceTree = "<group>";
		};
/* End PBXGroup section */

/* Begin PBXNativeTarget section */
		378F62D21A400DF600C6FA72 /* Demo App */ = {
			isa = PBXNativeTarget;
			buildConfigurationList = 378F62F21A400DF600C6FA72 /* Build configuration list for PBXNativeTarget "Demo App" */;
			buildPhases = (
				378F62CF1A400DF600C6FA72 /* Sources */,
				378F62D01A400DF600C6FA72 /* Frameworks */,
				378F62D11A400DF600C6FA72 /* Resources */,
			);
			buildRules = (
			);
			dependencies = (
			);
			name = "Demo App";
			productName = "Demo App";
			productReference = 378F62D31A400DF600C6FA72 /* Demo App.app */;
			productType = "com.apple.product-type.application";
		};
		378F62E71A400DF600C6FA72 /* Demo AppTests */ = {
			isa = PBXNativeTarget;
			buildConfigurationList = 378F62F51A400DF600C6FA72 /* Build configuration list for PBXNativeTarget "Demo AppTests" */;
			buildPhases = (
				378F62E41A400DF600C6FA72 /* Sources */,
				378F62E51A400DF600C6FA72 /* Frameworks */,
				378F62E61A400DF600C6FA72 /* Resources */,
			);
			buildRules = (
			);
			dependencies = (
				378F62EA1A400DF600C6FA72 /* PBXTargetDependency */,
			);
			name = "Demo AppTests";
			productName = "Demo AppTests";
			productReference = 378F62E81A400DF600C6FA72 /* Demo AppTests.xctest */;
			productType = "com.apple.product-type.bundle.unit-test";
		};
/* End PBXNativeTarget section */

/* Begin PBXProject section */
		378F62CB1A400DF600C6FA72 /* Project object */ = {
			isa = PBXProject;
			attributes = {
				LastUpgradeCheck = 0610;
				ORGANIZATIONNAME = GGR;
				TargetAttributes = {
					378F62D21A400DF600C6FA72 = {
						CreatedOnToolsVersion = 6.1.1;
					};
					378F62E71A400DF600C6FA72 = {
						CreatedOnToolsVersion = 6.1.1;
						TestTargetID = 378F62D21A400DF600C6FA72;
					};
				};
			};
			buildConfigurationList = 378F62CE1A400DF600C6FA72 /* Build configuration list for PBXProject "Demo App" */;
			compatibilityVersion = "Xcode 3.2";
			developmentRegion = English;
			hasScannedForEncodings = 0;
			knownRegions = (
				en,
				Base,
			);
			mainGroup = 378F62CA1A400DF600C6FA72;
			productRefGroup = 378F62D41A400DF600C6FA72 /* Products */;
			projectDirPath = "";
			projectRoot = "";
			targets = (
				378F62D21A400DF600C6FA72 /* Demo App */,
				378F62E71A400DF600C6FA72 /* Demo AppTests */,
			);
		};
/* End PBXProject section */

/* Begin PBXResourcesBuildPhase section */
		378F62D11A400DF600C6FA72 /* Resources */ = {
			isa = PBXResourcesBuildPhase;
			buildActionMask = 2147483647;
			files = (
				378F62DE1A400DF600C6FA72 /* Main.storyboard in Resources */,
				378F62E31A400DF600C6FA72 /* LaunchScreen.xib in Resources */,
				378F62E01A400DF600C6FA72 /* Images.xcassets in Resources */,
			);
			runOnlyForDeploymentPostprocessing = 0;
		};
		378F62E61A400DF600C6FA72 /* Resources */ = {
			isa = PBXResourcesBuildPhase;
			buildActionMask = 2147483647;
			files = (
			);
			runOnlyForDeploymentPostprocessing = 0;
		};
/* End PBXResourcesBuildPhase section */

/* Begin PBXSourcesBuildPhase section */
		378F62CF1A400DF600C6FA72 /* Sources */ = {
			isa = PBXSourcesBuildPhase;
			buildActionMask = 2147483647;
			files = (
				378F62DB1A400DF600C6FA72 /* ViewController.swift in Sources */,
				378F62D91A400DF600C6FA72 /* AppDelegate.swift in Sources */,
			);
			runOnlyForDeploymentPostprocessing = 0;
		};
		378F62E41A400DF600C6FA72 /* Sources */ = {
			isa = PBXSourcesBuildPhase;
			buildActionMask = 2147483647;
			files = (
				378F62EF1A400DF600C6FA72 /* Demo_AppTests.swift in Sources */,
			);
			runOnlyForDeploymentPostprocessing = 0;
		};
/* End PBXSourcesBuildPhase section */

/* Begin PBXTargetDependency section */
		378F62EA1A400DF600C6FA72 /* PBXTargetDependency */ = {
			isa = PBXTargetDependency;
			target = 378F62D21A400DF600C6FA72 /* Demo App */;
			targetProxy = 378F62E91A400DF600C6FA72 /* PBXContainerItemProxy */;
		};
/* End PBXTargetDependency section */

/* Begin PBXVariantGroup section */
		378F62DC1A400DF600C6FA72 /* Main.storyboard */ = {
			isa = PBXVariantGroup;
			children = (
				378F62DD1A400DF600C6FA72 /* Base */,
			);
			name = Main.storyboard;
			sourceTree = "<group>";
		};
		378F62E11A400DF600C6FA72 /* LaunchScreen.xib */ = {
			isa = PBXVariantGroup;
			children = (
				378F62E21A400DF600C6FA72 /* Base */,
			);
			name = LaunchScreen.xib;
			sourceTree = "<group>";
		};
/* End PBXVariantGroup section */

/* Begin XCBuildConfiguration section */
		378F62F01A400DF600C6FA72 /* Debug */ = {
			isa = XCBuildConfiguration;
			buildSettings = {
				ALWAYS_SEARCH_USER_PATHS = NO;
				CLANG_CXX_LANGUAGE_STANDARD = "gnu++0x";
				CLANG_CXX_LIBRARY = "libc++";
				CLANG_ENABLE_MODULES = YES;
				CLANG_ENABLE_OBJC_ARC = YES;
				CLANG_WARN_BOOL_CONVERSION = YES;
				CLANG_WARN_CONSTANT_CONVERSION = YES;
				CLANG_WARN_DIRECT_OBJC_ISA_USAGE = YES_ERROR;
				CLANG_WARN_EMPTY_BODY = YES;
				CLANG_WARN_ENUM_CONVERSION = YES;
				CLANG_WARN_INT_CONVERSION = YES;
				CLANG_WARN_OBJC_ROOT_CLASS = YES_ERROR;
				CLANG_WARN_UNREACHABLE_CODE = YES;
				CLANG_WARN__DUPLICATE_METHOD_MATCH = YES;
				"CODE_SIGN_IDENTITY[sdk=iphoneos*]" = "iPhone Developer";
				COPY_PHASE_STRIP = NO;
				ENABLE_STRICT_OBJC_MSGSEND = YES;
				GCC_C_LANGUAGE_STANDARD = gnu99;
				GCC_DYNAMIC_NO_PIC = NO;
				GCC_OPTIMIZATION_LEVEL = 0;
				GCC_PREPROCESSOR_DEFINITIONS = (
					"DEBUG=1",
					"$(inherited)",
				);
				GCC_SYMBOLS_PRIVATE_EXTERN = NO;
				GCC_WARN_64_TO_32_BIT_CONVERSION = YES;
				GCC_WARN_ABOUT_RETURN_TYPE = YES_ERROR;
				GCC_WARN_UNDECLARED_SELECTOR = YES;
				GCC_WARN_UNINITIALIZED_AUTOS = YES_AGGRESSIVE;
				GCC_WARN_UNUSED_FUNCTION = YES;
				GCC_WARN_UNUSED_VARIABLE = YES;
				IPHONEOS_DEPLOYMENT_TARGET = 8.1;
				MTL_ENABLE_DEBUG_INFO = YES;
				ONLY_ACTIVE_ARCH = YES;
				SDKROOT = iphoneos;
				SWIFT_OPTIMIZATION_LEVEL = "-Onone";
			};
			name = Debug;
		};
		378F62F11A400DF600C6FA72 /* Release */ = {
			isa = XCBuildConfiguration;
			buildSettings = {
				ALWAYS_SEARCH_USER_PATHS = NO;
				CLANG_CXX_LANGUAGE_STANDARD = "gnu++0x";
				CLANG_CXX_LIBRARY = "libc++";
				CLANG_ENABLE_MODULES = YES;
				CLANG_ENABLE_OBJC_ARC = YES;
				CLANG_WARN_BOOL_CONVERSION = YES;
				CLANG_WARN_CONSTANT_CONVERSION = YES;
				CLANG_WARN_DIRECT_OBJC_ISA_USAGE = YES_ERROR;
				CLANG_WARN_EMPTY_BODY = YES;
				CLANG_WARN_ENUM_CONVERSION = YES;
				CLANG_WARN_INT_CONVERSION = YES;
				CLANG_WARN_OBJC_ROOT_CLASS = YES_ERROR;
				CLANG_WARN_UNREACHABLE_CODE = YES;
				CLANG_WARN__DUPLICATE_METHOD_MATCH = YES;
				"CODE_SIGN_IDENTITY[sdk=iphoneos*]" = "iPhone Developer";
				COPY_PHASE_STRIP = YES;
				ENABLE_NS_ASSERTIONS = NO;
				ENABLE_STRICT_OBJC_MSGSEND = YES;
				GCC_C_LANGUAGE_STANDARD = gnu99;
				GCC_WARN_64_TO_32_BIT_CONVERSION = YES;
				GCC_WARN_ABOUT_RETURN_TYPE = YES_ERROR;
				GCC_WARN_UNDECLARED_SELECTOR = YES;
				GCC_WARN_UNINITIALIZED_AUTOS = YES_AGGRESSIVE;
				GCC_WARN_UNUSED_FUNCTION = YES;
				GCC_WARN_UNUSED_VARIABLE = YES;
				IPHONEOS_DEPLOYMENT_TARGET = 8.1;
				MTL_ENABLE_DEBUG_INFO = NO;
				SDKROOT = iphoneos;
				VALIDATE_PRODUCT = YES;
			};
			name = Release;
		};
		378F62F31A400DF600C6FA72 /* Debug */ = {
			isa = XCBuildConfiguration;
			buildSettings = {
				ASSETCATALOG_COMPILER_APPICON_NAME = AppIcon;
				INFOPLIST_FILE = "Demo App/Info.plist";
				LD_RUNPATH_SEARCH_PATHS = "$(inherited) @executable_path/Frameworks";
				PRODUCT_NAME = "$(TARGET_NAME)";
			};
			name = Debug;
		};
		378F62F41A400DF600C6FA72 /* Release */ = {
			isa = XCBuildConfiguration;
			buildSettings = {
				ASSETCATALOG_COMPILER_APPICON_NAME = AppIcon;
				INFOPLIST_FILE = "Demo App/Info.plist";
				LD_RUNPATH_SEARCH_PATHS = "$(inherited) @executable_path/Frameworks";
				PRODUCT_NAME = "$(TARGET_NAME)";
			};
			name = Release;
		};
		378F62F61A400DF600C6FA72 /* Debug */ = {
			isa = XCBuildConfiguration;
			buildSettings = {
				BUNDLE_LOADER = "$(TEST_HOST)";
				FRAMEWORK_SEARCH_PATHS = (
					"$(SDKROOT)/Developer/Library/Frameworks",
					"$(inherited)",
				);
				GCC_PREPROCESSOR_DEFINITIONS = (
					"DEBUG=1",
					"$(inherited)",
				);
				INFOPLIST_FILE = "Demo AppTests/Info.plist";
				LD_RUNPATH_SEARCH_PATHS = "$(inherited) @executable_path/Frameworks @loader_path/Frameworks";
				PRODUCT_NAME = "$(TARGET_NAME)";
				TEST_HOST = "$(BUILT_PRODUCTS_DIR)/Demo App.app/Demo App";
			};
			name = Debug;
		};
		378F62F71A400DF600C6FA72 /* Release */ = {
			isa = XCBuildConfiguration;
			buildSettings = {
				BUNDLE_LOADER = "$(TEST_HOST)";
				FRAMEWORK_SEARCH_PATHS = (
					"$(SDKROOT)/Developer/Library/Frameworks",
					"$(inherited)",
				);
				INFOPLIST_FILE = "Demo AppTests/Info.plist";
				LD_RUNPATH_SEARCH_PATHS = "$(inherited) @executable_path/Frameworks @loader_path/Frameworks";
				PRODUCT_NAME = "$(TARGET_NAME)";
				TEST_HOST = "$(BUILT_PRODUCTS_DIR)/Demo App.app/Demo App";
			};
			name = Release;
		};
/* End XCBuildConfiguration section */

/* Begin XCConfigurationList section */
		378F62CE1A400DF600C6FA72 /* Build configuration list for PBXProject "Demo App" */ = {
			isa = XCConfigurationList;
			buildConfigurations = (
				378F62F01A400DF600C6FA72 /* Debug */,
				378F62F11A400DF600C6FA72 /* Release */,
			);
			defaultConfigurationIsVisible = 0;
			defaultConfigurationName = Release;
		};
		378F62F21A400DF600C6FA72 /* Build configuration list for PBXNativeTarget "Demo App" */ = {
			isa = XCConfigurationList;
			buildConfigurations = (
				378F62F31A400DF600C6FA72 /* Debug */,
				378F62F41A400DF600C6FA72 /* Release */,
			);
			defaultConfigurationIsVisible = 0;
		};
		378F62F51A400DF600C6FA72 /* Build configuration list for PBXNativeTarget "Demo AppTests" */ = {
			isa = XCConfigurationList;
			buildConfigurations = (
				378F62F61A400DF600C6FA72 /* Debug */,
				378F62F71A400DF600C6FA72 /* Release */,
			);
			defaultConfigurationIsVisible = 0;
		};
/* End XCConfigurationList section */
	};
	rootObject = 378F62CB1A400DF600C6FA72 /* Project object */;
}
