// !$*UTF8*$!
{
	archiveVersion = 1;
	classes = {
	};
	objectVersion = 46;
	objects = {

/* Begin PBXBuildFile section */
		37D94DF51A3CF68200CA8F19 /* AppDelegate.swift in Sources */ = {isa = PBXBuildFile; fileRef = 37D94DF41A3CF68200CA8F19 /* AppDelegate.swift */; };
		37D94DF71A3CF68200CA8F19 /* ViewController.swift in Sources */ = {isa = PBXBuildFile; fileRef = 37D94DF61A3CF68200CA8F19 /* ViewController.swift */; };
		37D94DFA1A3CF68200CA8F19 /* Main.storyboard in Resources */ = {isa = PBXBuildFile; fileRef = 37D94DF81A3CF68200CA8F19 /* Main.storyboard */; };
		37D94DFC1A3CF68200CA8F19 /* Images.xcassets in Resources */ = {isa = PBXBuildFile; fileRef = 37D94DFB1A3CF68200CA8F19 /* Images.xcassets */; };
		37D94DFF1A3CF68200CA8F19 /* LaunchScreen.xib in Resources */ = {isa = PBXBuildFile; fileRef = 37D94DFD1A3CF68200CA8F19 /* LaunchScreen.xib */; };
		37D94E0B1A3CF68200CA8F19 /* LearningSwiftTests.swift in Sources */ = {isa = PBXBuildFile; fileRef = 37D94E0A1A3CF68200CA8F19 /* LearningSwiftTests.swift */; };
		37D94E161A3CFBC900CA8F19 /* Readme.md in Sources */ = {isa = PBXBuildFile; fileRef = 37D94E151A3CFBC900CA8F19 /* Readme.md */; };
/* End PBXBuildFile section */

/* Begin PBXContainerItemProxy section */
		37D94E051A3CF68200CA8F19 /* PBXContainerItemProxy */ = {
			isa = PBXContainerItemProxy;
			containerPortal = 37D94DE71A3CF68200CA8F19 /* Project object */;
			proxyType = 1;
			remoteGlobalIDString = 37D94DEE1A3CF68200CA8F19;
			remoteInfo = LearningSwift;
		};
/* End PBXContainerItemProxy section */

/* Begin PBXFileReference section */
		37D94DEF1A3CF68200CA8F19 /* LearningSwift.app */ = {isa = PBXFileReference; explicitFileType = wrapper.application; includeInIndex = 0; path = LearningSwift.app; sourceTree = BUILT_PRODUCTS_DIR; };
		37D94DF31A3CF68200CA8F19 /* Info.plist */ = {isa = PBXFileReference; lastKnownFileType = text.plist.xml; path = Info.plist; sourceTree = "<group>"; };
		37D94DF41A3CF68200CA8F19 /* AppDelegate.swift */ = {isa = PBXFileReference; lastKnownFileType = sourcecode.swift; path = AppDelegate.swift; sourceTree = "<group>"; };
		37D94DF61A3CF68200CA8F19 /* ViewController.swift */ = {isa = PBXFileReference; lastKnownFileType = sourcecode.swift; path = ViewController.swift; sourceTree = "<group>"; };
		37D94DF91A3CF68200CA8F19 /* Base */ = {isa = PBXFileReference; lastKnownFileType = file.storyboard; name = Base; path = Base.lproj/Main.storyboard; sourceTree = "<group>"; };
		37D94DFB1A3CF68200CA8F19 /* Images.xcassets */ = {isa = PBXFileReference; lastKnownFileType = folder.assetcatalog; path = Images.xcassets; sourceTree = "<group>"; };
		37D94DFE1A3CF68200CA8F19 /* Base */ = {isa = PBXFileReference; lastKnownFileType = file.xib; name = Base; path = Base.lproj/LaunchScreen.xib; sourceTree = "<group>"; };
		37D94E041A3CF68200CA8F19 /* LearningSwiftTests.xctest */ = {isa = PBXFileReference; explicitFileType = wrapper.cfbundle; includeInIndex = 0; path = LearningSwiftTests.xctest; sourceTree = BUILT_PRODUCTS_DIR; };
		37D94E091A3CF68200CA8F19 /* Info.plist */ = {isa = PBXFileReference; lastKnownFileType = text.plist.xml; path = Info.plist; sourceTree = "<group>"; };
		37D94E0A1A3CF68200CA8F19 /* LearningSwiftTests.swift */ = {isa = PBXFileReference; lastKnownFileType = sourcecode.swift; path = LearningSwiftTests.swift; sourceTree = "<group>"; };
		37D94E141A3CF71C00CA8F19 /* MyPlayground.playground */ = {isa = PBXFileReference; lastKnownFileType = file.playground; path = MyPlayground.playground; sourceTree = "<group>"; };
		37D94E151A3CFBC900CA8F19 /* Readme.md */ = {isa = PBXFileReference; fileEncoding = 4; lastKnownFileType = net.daringfireball.markdown; path = Readme.md; sourceTree = "<group>"; };
/* End PBXFileReference section */

/* Begin PBXFrameworksBuildPhase section */
		37D94DEC1A3CF68200CA8F19 /* Frameworks */ = {
			isa = PBXFrameworksBuildPhase;
			buildActionMask = 2147483647;
			files = (
			);
			runOnlyForDeploymentPostprocessing = 0;
		};
		37D94E011A3CF68200CA8F19 /* Frameworks */ = {
			isa = PBXFrameworksBuildPhase;
			buildActionMask = 2147483647;
			files = (
			);
			runOnlyForDeploymentPostprocessing = 0;
		};
/* End PBXFrameworksBuildPhase section */

/* Begin PBXGroup section */
		37D94DE61A3CF68200CA8F19 = {
			isa = PBXGroup;
			children = (
				37D94E151A3CFBC900CA8F19 /* Readme.md */,
				37D94E141A3CF71C00CA8F19 /* MyPlayground.playground */,
				37D94DF11A3CF68200CA8F19 /* LearningSwift */,
				37D94E071A3CF68200CA8F19 /* LearningSwiftTests */,
				37D94DF01A3CF68200CA8F19 /* Products */,
			);
			sourceTree = "<group>";
		};
		37D94DF01A3CF68200CA8F19 /* Products */ = {
			isa = PBXGroup;
			children = (
				37D94DEF1A3CF68200CA8F19 /* LearningSwift.app */,
				37D94E041A3CF68200CA8F19 /* LearningSwiftTests.xctest */,
			);
			name = Products;
			sourceTree = "<group>";
		};
		37D94DF11A3CF68200CA8F19 /* LearningSwift */ = {
			isa = PBXGroup;
			children = (
				37D94DF41A3CF68200CA8F19 /* AppDelegate.swift */,
				37D94DF61A3CF68200CA8F19 /* ViewController.swift */,
				37D94DF81A3CF68200CA8F19 /* Main.storyboard */,
				37D94DFB1A3CF68200CA8F19 /* Images.xcassets */,
				37D94DFD1A3CF68200CA8F19 /* LaunchScreen.xib */,
				37D94DF21A3CF68200CA8F19 /* Supporting Files */,
			);
			path = LearningSwift;
			sourceTree = "<group>";
		};
		37D94DF21A3CF68200CA8F19 /* Supporting Files */ = {
			isa = PBXGroup;
			children = (
				37D94DF31A3CF68200CA8F19 /* Info.plist */,
			);
			name = "Supporting Files";
			sourceTree = "<group>";
		};
		37D94E071A3CF68200CA8F19 /* LearningSwiftTests */ = {
			isa = PBXGroup;
			children = (
				37D94E0A1A3CF68200CA8F19 /* LearningSwiftTests.swift */,
				37D94E081A3CF68200CA8F19 /* Supporting Files */,
			);
			path = LearningSwiftTests;
			sourceTree = "<group>";
		};
		37D94E081A3CF68200CA8F19 /* Supporting Files */ = {
			isa = PBXGroup;
			children = (
				37D94E091A3CF68200CA8F19 /* Info.plist */,
			);
			name = "Supporting Files";
			sourceTree = "<group>";
		};
/* End PBXGroup section */

/* Begin PBXNativeTarget section */
		37D94DEE1A3CF68200CA8F19 /* LearningSwift */ = {
			isa = PBXNativeTarget;
			buildConfigurationList = 37D94E0E1A3CF68200CA8F19 /* Build configuration list for PBXNativeTarget "LearningSwift" */;
			buildPhases = (
				37D94DEB1A3CF68200CA8F19 /* Sources */,
				37D94DEC1A3CF68200CA8F19 /* Frameworks */,
				37D94DED1A3CF68200CA8F19 /* Resources */,
			);
			buildRules = (
			);
			dependencies = (
			);
			name = LearningSwift;
			productName = LearningSwift;
			productReference = 37D94DEF1A3CF68200CA8F19 /* LearningSwift.app */;
			productType = "com.apple.product-type.application";
		};
		37D94E031A3CF68200CA8F19 /* LearningSwiftTests */ = {
			isa = PBXNativeTarget;
			buildConfigurationList = 37D94E111A3CF68200CA8F19 /* Build configuration list for PBXNativeTarget "LearningSwiftTests" */;
			buildPhases = (
				37D94E001A3CF68200CA8F19 /* Sources */,
				37D94E011A3CF68200CA8F19 /* Frameworks */,
				37D94E021A3CF68200CA8F19 /* Resources */,
			);
			buildRules = (
			);
			dependencies = (
				37D94E061A3CF68200CA8F19 /* PBXTargetDependency */,
			);
			name = LearningSwiftTests;
			productName = LearningSwiftTests;
			productReference = 37D94E041A3CF68200CA8F19 /* LearningSwiftTests.xctest */;
			productType = "com.apple.product-type.bundle.unit-test";
		};
/* End PBXNativeTarget section */

/* Begin PBXProject section */
		37D94DE71A3CF68200CA8F19 /* Project object */ = {
			isa = PBXProject;
			attributes = {
				LastUpgradeCheck = 0610;
				ORGANIZATIONNAME = GGR;
				TargetAttributes = {
					37D94DEE1A3CF68200CA8F19 = {
						CreatedOnToolsVersion = 6.1.1;
					};
					37D94E031A3CF68200CA8F19 = {
						CreatedOnToolsVersion = 6.1.1;
						TestTargetID = 37D94DEE1A3CF68200CA8F19;
					};
				};
			};
			buildConfigurationList = 37D94DEA1A3CF68200CA8F19 /* Build configuration list for PBXProject "LearningSwift" */;
			compatibilityVersion = "Xcode 3.2";
			developmentRegion = English;
			hasScannedForEncodings = 0;
			knownRegions = (
				en,
				Base,
			);
			mainGroup = 37D94DE61A3CF68200CA8F19;
			productRefGroup = 37D94DF01A3CF68200CA8F19 /* Products */;
			projectDirPath = "";
			projectRoot = "";
			targets = (
				37D94DEE1A3CF68200CA8F19 /* LearningSwift */,
				37D94E031A3CF68200CA8F19 /* LearningSwiftTests */,
			);
		};
/* End PBXProject section */

/* Begin PBXResourcesBuildPhase section */
		37D94DED1A3CF68200CA8F19 /* Resources */ = {
			isa = PBXResourcesBuildPhase;
			buildActionMask = 2147483647;
			files = (
				37D94DFA1A3CF68200CA8F19 /* Main.storyboard in Resources */,
				37D94DFF1A3CF68200CA8F19 /* LaunchScreen.xib in Resources */,
				37D94DFC1A3CF68200CA8F19 /* Images.xcassets in Resources */,
			);
			runOnlyForDeploymentPostprocessing = 0;
		};
		37D94E021A3CF68200CA8F19 /* Resources */ = {
			isa = PBXResourcesBuildPhase;
			buildActionMask = 2147483647;
			files = (
			);
			runOnlyForDeploymentPostprocessing = 0;
		};
/* End PBXResourcesBuildPhase section */

/* Begin PBXSourcesBuildPhase section */
		37D94DEB1A3CF68200CA8F19 /* Sources */ = {
			isa = PBXSourcesBuildPhase;
			buildActionMask = 2147483647;
			files = (
				37D94DF71A3CF68200CA8F19 /* ViewController.swift in Sources */,
				37D94DF51A3CF68200CA8F19 /* AppDelegate.swift in Sources */,
				37D94E161A3CFBC900CA8F19 /* Readme.md in Sources */,
			);
			runOnlyForDeploymentPostprocessing = 0;
		};
		37D94E001A3CF68200CA8F19 /* Sources */ = {
			isa = PBXSourcesBuildPhase;
			buildActionMask = 2147483647;
			files = (
				37D94E0B1A3CF68200CA8F19 /* LearningSwiftTests.swift in Sources */,
			);
			runOnlyForDeploymentPostprocessing = 0;
		};
/* End PBXSourcesBuildPhase section */

/* Begin PBXTargetDependency section */
		37D94E061A3CF68200CA8F19 /* PBXTargetDependency */ = {
			isa = PBXTargetDependency;
			target = 37D94DEE1A3CF68200CA8F19 /* LearningSwift */;
			targetProxy = 37D94E051A3CF68200CA8F19 /* PBXContainerItemProxy */;
		};
/* End PBXTargetDependency section */

/* Begin PBXVariantGroup section */
		37D94DF81A3CF68200CA8F19 /* Main.storyboard */ = {
			isa = PBXVariantGroup;
			children = (
				37D94DF91A3CF68200CA8F19 /* Base */,
			);
			name = Main.storyboard;
			sourceTree = "<group>";
		};
		37D94DFD1A3CF68200CA8F19 /* LaunchScreen.xib */ = {
			isa = PBXVariantGroup;
			children = (
				37D94DFE1A3CF68200CA8F19 /* Base */,
			);
			name = LaunchScreen.xib;
			sourceTree = "<group>";
		};
/* End PBXVariantGroup section */

/* Begin XCBuildConfiguration section */
		37D94E0C1A3CF68200CA8F19 /* Debug */ = {
			isa = XCBuildConfiguration;
			buildSettings = {
				ALWAYS_SEARCH_USER_PATHS = NO;
				CLANG_CXX_LANGUAGE_STANDARD = "gnu++0x";
				CLANG_CXX_LIBRARY = "libc++";
				CLANG_ENABLE_MODULES = YES;
				CLANG_ENABLE_OBJC_ARC = YES;
				CLANG_WARN_BOOL_CONVERSION = YES;
				CLANG_WARN_CONSTANT_CONVERSION = YES;
				CLANG_WARN_DIRECT_OBJC_ISA_USAGE = YES_ERROR;
				CLANG_WARN_EMPTY_BODY = YES;
				CLANG_WARN_ENUM_CONVERSION = YES;
				CLANG_WARN_INT_CONVERSION = YES;
				CLANG_WARN_OBJC_ROOT_CLASS = YES_ERROR;
				CLANG_WARN_UNREACHABLE_CODE = YES;
				CLANG_WARN__DUPLICATE_METHOD_MATCH = YES;
				"CODE_SIGN_IDENTITY[sdk=iphoneos*]" = "iPhone Developer";
				COPY_PHASE_STRIP = NO;
				ENABLE_STRICT_OBJC_MSGSEND = YES;
				GCC_C_LANGUAGE_STANDARD = gnu99;
				GCC_DYNAMIC_NO_PIC = NO;
				GCC_OPTIMIZATION_LEVEL = 0;
				GCC_PREPROCESSOR_DEFINITIONS = (
					"DEBUG=1",
					"$(inherited)",
				);
				GCC_SYMBOLS_PRIVATE_EXTERN = NO;
				GCC_WARN_64_TO_32_BIT_CONVERSION = YES;
				GCC_WARN_ABOUT_RETURN_TYPE = YES_ERROR;
				GCC_WARN_UNDECLARED_SELECTOR = YES;
				GCC_WARN_UNINITIALIZED_AUTOS = YES_AGGRESSIVE;
				GCC_WARN_UNUSED_FUNCTION = YES;
				GCC_WARN_UNUSED_VARIABLE = YES;
				IPHONEOS_DEPLOYMENT_TARGET = 8.1;
				MTL_ENABLE_DEBUG_INFO = YES;
				ONLY_ACTIVE_ARCH = YES;
				SDKROOT = iphoneos;
				SWIFT_OPTIMIZATION_LEVEL = "-Onone";
			};
			name = Debug;
		};
		37D94E0D1A3CF68200CA8F19 /* Release */ = {
			isa = XCBuildConfiguration;
			buildSettings = {
				ALWAYS_SEARCH_USER_PATHS = NO;
				CLANG_CXX_LANGUAGE_STANDARD = "gnu++0x";
				CLANG_CXX_LIBRARY = "libc++";
				CLANG_ENABLE_MODULES = YES;
				CLANG_ENABLE_OBJC_ARC = YES;
				CLANG_WARN_BOOL_CONVERSION = YES;
				CLANG_WARN_CONSTANT_CONVERSION = YES;
				CLANG_WARN_DIRECT_OBJC_ISA_USAGE = YES_ERROR;
				CLANG_WARN_EMPTY_BODY = YES;
				CLANG_WARN_ENUM_CONVERSION = YES;
				CLANG_WARN_INT_CONVERSION = YES;
				CLANG_WARN_OBJC_ROOT_CLASS = YES_ERROR;
				CLANG_WARN_UNREACHABLE_CODE = YES;
				CLANG_WARN__DUPLICATE_METHOD_MATCH = YES;
				"CODE_SIGN_IDENTITY[sdk=iphoneos*]" = "iPhone Developer";
				COPY_PHASE_STRIP = YES;
				ENABLE_NS_ASSERTIONS = NO;
				ENABLE_STRICT_OBJC_MSGSEND = YES;
				GCC_C_LANGUAGE_STANDARD = gnu99;
				GCC_WARN_64_TO_32_BIT_CONVERSION = YES;
				GCC_WARN_ABOUT_RETURN_TYPE = YES_ERROR;
				GCC_WARN_UNDECLARED_SELECTOR = YES;
				GCC_WARN_UNINITIALIZED_AUTOS = YES_AGGRESSIVE;
				GCC_WARN_UNUSED_FUNCTION = YES;
				GCC_WARN_UNUSED_VARIABLE = YES;
				IPHONEOS_DEPLOYMENT_TARGET = 8.1;
				MTL_ENABLE_DEBUG_INFO = NO;
				SDKROOT = iphoneos;
				VALIDATE_PRODUCT = YES;
			};
			name = Release;
		};
		37D94E0F1A3CF68200CA8F19 /* Debug */ = {
			isa = XCBuildConfiguration;
			buildSettings = {
				ASSETCATALOG_COMPILER_APPICON_NAME = AppIcon;
				INFOPLIST_FILE = LearningSwift/Info.plist;
				LD_RUNPATH_SEARCH_PATHS = "$(inherited) @executable_path/Frameworks";
				PRODUCT_NAME = "$(TARGET_NAME)";
			};
			name = Debug;
		};
		37D94E101A3CF68200CA8F19 /* Release */ = {
			isa = XCBuildConfiguration;
			buildSettings = {
				ASSETCATALOG_COMPILER_APPICON_NAME = AppIcon;
				INFOPLIST_FILE = LearningSwift/Info.plist;
				LD_RUNPATH_SEARCH_PATHS = "$(inherited) @executable_path/Frameworks";
				PRODUCT_NAME = "$(TARGET_NAME)";
			};
			name = Release;
		};
		37D94E121A3CF68200CA8F19 /* Debug */ = {
			isa = XCBuildConfiguration;
			buildSettings = {
				BUNDLE_LOADER = "$(TEST_HOST)";
				FRAMEWORK_SEARCH_PATHS = (
					"$(SDKROOT)/Developer/Library/Frameworks",
					"$(inherited)",
				);
				GCC_PREPROCESSOR_DEFINITIONS = (
					"DEBUG=1",
					"$(inherited)",
				);
				INFOPLIST_FILE = LearningSwiftTests/Info.plist;
				LD_RUNPATH_SEARCH_PATHS = "$(inherited) @executable_path/Frameworks @loader_path/Frameworks";
				PRODUCT_NAME = "$(TARGET_NAME)";
				TEST_HOST = "$(BUILT_PRODUCTS_DIR)/LearningSwift.app/LearningSwift";
			};
			name = Debug;
		};
		37D94E131A3CF68200CA8F19 /* Release */ = {
			isa = XCBuildConfiguration;
			buildSettings = {
				BUNDLE_LOADER = "$(TEST_HOST)";
				FRAMEWORK_SEARCH_PATHS = (
					"$(SDKROOT)/Developer/Library/Frameworks",
					"$(inherited)",
				);
				INFOPLIST_FILE = LearningSwiftTests/Info.plist;
				LD_RUNPATH_SEARCH_PATHS = "$(inherited) @executable_path/Frameworks @loader_path/Frameworks";
				PRODUCT_NAME = "$(TARGET_NAME)";
				TEST_HOST = "$(BUILT_PRODUCTS_DIR)/LearningSwift.app/LearningSwift";
			};
			name = Release;
		};
/* End XCBuildConfiguration section */

/* Begin XCConfigurationList section */
		37D94DEA1A3CF68200CA8F19 /* Build configuration list for PBXProject "LearningSwift" */ = {
			isa = XCConfigurationList;
			buildConfigurations = (
				37D94E0C1A3CF68200CA8F19 /* Debug */,
				37D94E0D1A3CF68200CA8F19 /* Release */,
			);
			defaultConfigurationIsVisible = 0;
			defaultConfigurationName = Release;
		};
		37D94E0E1A3CF68200CA8F19 /* Build configuration list for PBXNativeTarget "LearningSwift" */ = {
			isa = XCConfigurationList;
			buildConfigurations = (
				37D94E0F1A3CF68200CA8F19 /* Debug */,
				37D94E101A3CF68200CA8F19 /* Release */,
			);
			defaultConfigurationIsVisible = 0;
		};
		37D94E111A3CF68200CA8F19 /* Build configuration list for PBXNativeTarget "LearningSwiftTests" */ = {
			isa = XCConfigurationList;
			buildConfigurations = (
				37D94E121A3CF68200CA8F19 /* Debug */,
				37D94E131A3CF68200CA8F19 /* Release */,
			);
			defaultConfigurationIsVisible = 0;
		};
/* End XCConfigurationList section */
	};
	rootObject = 37D94DE71A3CF68200CA8F19 /* Project object */;
}
