// !$*UTF8*$!
{
	archiveVersion = 1;
	classes = {
	};
	objectVersion = 46;
	objects = {

/* Begin PBXBuildFile section */
		378F62A91A3FD88E00C6FA72 /* AppDelegate.swift in Sources */ = {isa = PBXBuildFile; fileRef = 378F62A81A3FD88E00C6FA72 /* AppDelegate.swift */; };
		378F62AB1A3FD88E00C6FA72 /* ViewController.swift in Sources */ = {isa = PBXBuildFile; fileRef = 378F62AA1A3FD88E00C6FA72 /* ViewController.swift */; };
		378F62AE1A3FD88E00C6FA72 /* Main.storyboard in Resources */ = {isa = PBXBuildFile; fileRef = 378F62AC1A3FD88E00C6FA72 /* Main.storyboard */; };
		378F62B01A3FD88E00C6FA72 /* Images.xcassets in Resources */ = {isa = PBXBuildFile; fileRef = 378F62AF1A3FD88E00C6FA72 /* Images.xcassets */; };
		378F62B31A3FD88E00C6FA72 /* LaunchScreen.xib in Resources */ = {isa = PBXBuildFile; fileRef = 378F62B11A3FD88E00C6FA72 /* LaunchScreen.xib */; };
		378F62BF1A3FD88E00C6FA72 /* IsItPrimeTests.swift in Sources */ = {isa = PBXBuildFile; fileRef = 378F62BE1A3FD88E00C6FA72 /* IsItPrimeTests.swift */; };
		378F62C91A400B0900C6FA72 /* ReadMe.md in Sources */ = {isa = PBXBuildFile; fileRef = 378F62C81A400B0900C6FA72 /* ReadMe.md */; };
/* End PBXBuildFile section */

/* Begin PBXContainerItemProxy section */
		378F62B91A3FD88E00C6FA72 /* PBXContainerItemProxy */ = {
			isa = PBXContainerItemProxy;
			containerPortal = 378F629B1A3FD88E00C6FA72 /* Project object */;
			proxyType = 1;
			remoteGlobalIDString = 378F62A21A3FD88E00C6FA72;
			remoteInfo = IsItPrime;
		};
/* End PBXContainerItemProxy section */

/* Begin PBXFileReference section */
		378F62A31A3FD88E00C6FA72 /* IsItPrime.app */ = {isa = PBXFileReference; explicitFileType = wrapper.application; includeInIndex = 0; path = IsItPrime.app; sourceTree = BUILT_PRODUCTS_DIR; };
		378F62A71A3FD88E00C6FA72 /* Info.plist */ = {isa = PBXFileReference; lastKnownFileType = text.plist.xml; path = Info.plist; sourceTree = "<group>"; };
		378F62A81A3FD88E00C6FA72 /* AppDelegate.swift */ = {isa = PBXFileReference; lastKnownFileType = sourcecode.swift; path = AppDelegate.swift; sourceTree = "<group>"; };
		378F62AA1A3FD88E00C6FA72 /* ViewController.swift */ = {isa = PBXFileReference; lastKnownFileType = sourcecode.swift; path = ViewController.swift; sourceTree = "<group>"; };
		378F62AD1A3FD88E00C6FA72 /* Base */ = {isa = PBXFileReference; lastKnownFileType = file.storyboard; name = Base; path = Base.lproj/Main.storyboard; sourceTree = "<group>"; };
		378F62AF1A3FD88E00C6FA72 /* Images.xcassets */ = {isa = PBXFileReference; lastKnownFileType = folder.assetcatalog; path = Images.xcassets; sourceTree = "<group>"; };
		378F62B21A3FD88E00C6FA72 /* Base */ = {isa = PBXFileReference; lastKnownFileType = file.xib; name = Base; path = Base.lproj/LaunchScreen.xib; sourceTree = "<group>"; };
		378F62B81A3FD88E00C6FA72 /* IsItPrimeTests.xctest */ = {isa = PBXFileReference; explicitFileType = wrapper.cfbundle; includeInIndex = 0; path = IsItPrimeTests.xctest; sourceTree = BUILT_PRODUCTS_DIR; };
		378F62BD1A3FD88E00C6FA72 /* Info.plist */ = {isa = PBXFileReference; lastKnownFileType = text.plist.xml; path = Info.plist; sourceTree = "<group>"; };
		378F62BE1A3FD88E00C6FA72 /* IsItPrimeTests.swift */ = {isa = PBXFileReference; lastKnownFileType = sourcecode.swift; path = IsItPrimeTests.swift; sourceTree = "<group>"; };
		378F62C81A400B0900C6FA72 /* ReadMe.md */ = {isa = PBXFileReference; fileEncoding = 4; lastKnownFileType = net.daringfireball.markdown; path = ReadMe.md; sourceTree = "<group>"; };
/* End PBXFileReference section */

/* Begin PBXFrameworksBuildPhase section */
		378F62A01A3FD88E00C6FA72 /* Frameworks */ = {
			isa = PBXFrameworksBuildPhase;
			buildActionMask = 2147483647;
			files = (
			);
			runOnlyForDeploymentPostprocessing = 0;
		};
		378F62B51A3FD88E00C6FA72 /* Frameworks */ = {
			isa = PBXFrameworksBuildPhase;
			buildActionMask = 2147483647;
			files = (
			);
			runOnlyForDeploymentPostprocessing = 0;
		};
/* End PBXFrameworksBuildPhase section */

/* Begin PBXGroup section */
		378F629A1A3FD88E00C6FA72 = {
			isa = PBXGroup;
			children = (
				378F62C81A400B0900C6FA72 /* ReadMe.md */,
				378F62A51A3FD88E00C6FA72 /* IsItPrime */,
				378F62BB1A3FD88E00C6FA72 /* IsItPrimeTests */,
				378F62A41A3FD88E00C6FA72 /* Products */,
			);
			sourceTree = "<group>";
		};
		378F62A41A3FD88E00C6FA72 /* Products */ = {
			isa = PBXGroup;
			children = (
				378F62A31A3FD88E00C6FA72 /* IsItPrime.app */,
				378F62B81A3FD88E00C6FA72 /* IsItPrimeTests.xctest */,
			);
			name = Products;
			sourceTree = "<group>";
		};
		378F62A51A3FD88E00C6FA72 /* IsItPrime */ = {
			isa = PBXGroup;
			children = (
				378F62A81A3FD88E00C6FA72 /* AppDelegate.swift */,
				378F62AA1A3FD88E00C6FA72 /* ViewController.swift */,
				378F62AC1A3FD88E00C6FA72 /* Main.storyboard */,
				378F62AF1A3FD88E00C6FA72 /* Images.xcassets */,
				378F62B11A3FD88E00C6FA72 /* LaunchScreen.xib */,
				378F62A61A3FD88E00C6FA72 /* Supporting Files */,
			);
			path = IsItPrime;
			sourceTree = "<group>";
		};
		378F62A61A3FD88E00C6FA72 /* Supporting Files */ = {
			isa = PBXGroup;
			children = (
				378F62A71A3FD88E00C6FA72 /* Info.plist */,
			);
			name = "Supporting Files";
			sourceTree = "<group>";
		};
		378F62BB1A3FD88E00C6FA72 /* IsItPrimeTests */ = {
			isa = PBXGroup;
			children = (
				378F62BE1A3FD88E00C6FA72 /* IsItPrimeTests.swift */,
				378F62BC1A3FD88E00C6FA72 /* Supporting Files */,
			);
			path = IsItPrimeTests;
			sourceTree = "<group>";
		};
		378F62BC1A3FD88E00C6FA72 /* Supporting Files */ = {
			isa = PBXGroup;
			children = (
				378F62BD1A3FD88E00C6FA72 /* Info.plist */,
			);
			name = "Supporting Files";
			sourceTree = "<group>";
		};
/* End PBXGroup section */

/* Begin PBXNativeTarget section */
		378F62A21A3FD88E00C6FA72 /* IsItPrime */ = {
			isa = PBXNativeTarget;
			buildConfigurationList = 378F62C21A3FD88E00C6FA72 /* Build configuration list for PBXNativeTarget "IsItPrime" */;
			buildPhases = (
				378F629F1A3FD88E00C6FA72 /* Sources */,
				378F62A01A3FD88E00C6FA72 /* Frameworks */,
				378F62A11A3FD88E00C6FA72 /* Resources */,
			);
			buildRules = (
			);
			dependencies = (
			);
			name = IsItPrime;
			productName = IsItPrime;
			productReference = 378F62A31A3FD88E00C6FA72 /* IsItPrime.app */;
			productType = "com.apple.product-type.application";
		};
		378F62B71A3FD88E00C6FA72 /* IsItPrimeTests */ = {
			isa = PBXNativeTarget;
			buildConfigurationList = 378F62C51A3FD88E00C6FA72 /* Build configuration list for PBXNativeTarget "IsItPrimeTests" */;
			buildPhases = (
				378F62B41A3FD88E00C6FA72 /* Sources */,
				378F62B51A3FD88E00C6FA72 /* Frameworks */,
				378F62B61A3FD88E00C6FA72 /* Resources */,
			);
			buildRules = (
			);
			dependencies = (
				378F62BA1A3FD88E00C6FA72 /* PBXTargetDependency */,
			);
			name = IsItPrimeTests;
			productName = IsItPrimeTests;
			productReference = 378F62B81A3FD88E00C6FA72 /* IsItPrimeTests.xctest */;
			productType = "com.apple.product-type.bundle.unit-test";
		};
/* End PBXNativeTarget section */

/* Begin PBXProject section */
		378F629B1A3FD88E00C6FA72 /* Project object */ = {
			isa = PBXProject;
			attributes = {
				LastUpgradeCheck = 0610;
				ORGANIZATIONNAME = GGR;
				TargetAttributes = {
					378F62A21A3FD88E00C6FA72 = {
						CreatedOnToolsVersion = 6.1.1;
					};
					378F62B71A3FD88E00C6FA72 = {
						CreatedOnToolsVersion = 6.1.1;
						TestTargetID = 378F62A21A3FD88E00C6FA72;
					};
				};
			};
			buildConfigurationList = 378F629E1A3FD88E00C6FA72 /* Build configuration list for PBXProject "IsItPrime" */;
			compatibilityVersion = "Xcode 3.2";
			developmentRegion = English;
			hasScannedForEncodings = 0;
			knownRegions = (
				en,
				Base,
			);
			mainGroup = 378F629A1A3FD88E00C6FA72;
			productRefGroup = 378F62A41A3FD88E00C6FA72 /* Products */;
			projectDirPath = "";
			projectRoot = "";
			targets = (
				378F62A21A3FD88E00C6FA72 /* IsItPrime */,
				378F62B71A3FD88E00C6FA72 /* IsItPrimeTests */,
			);
		};
/* End PBXProject section */

/* Begin PBXResourcesBuildPhase section */
		378F62A11A3FD88E00C6FA72 /* Resources */ = {
			isa = PBXResourcesBuildPhase;
			buildActionMask = 2147483647;
			files = (
				378F62AE1A3FD88E00C6FA72 /* Main.storyboard in Resources */,
				378F62B31A3FD88E00C6FA72 /* LaunchScreen.xib in Resources */,
				378F62B01A3FD88E00C6FA72 /* Images.xcassets in Resources */,
			);
			runOnlyForDeploymentPostprocessing = 0;
		};
		378F62B61A3FD88E00C6FA72 /* Resources */ = {
			isa = PBXResourcesBuildPhase;
			buildActionMask = 2147483647;
			files = (
			);
			runOnlyForDeploymentPostprocessing = 0;
		};
/* End PBXResourcesBuildPhase section */

/* Begin PBXSourcesBuildPhase section */
		378F629F1A3FD88E00C6FA72 /* Sources */ = {
			isa = PBXSourcesBuildPhase;
			buildActionMask = 2147483647;
			files = (
				378F62AB1A3FD88E00C6FA72 /* ViewController.swift in Sources */,
				378F62A91A3FD88E00C6FA72 /* AppDelegate.swift in Sources */,
				378F62C91A400B0900C6FA72 /* ReadMe.md in Sources */,
			);
			runOnlyForDeploymentPostprocessing = 0;
		};
		378F62B41A3FD88E00C6FA72 /* Sources */ = {
			isa = PBXSourcesBuildPhase;
			buildActionMask = 2147483647;
			files = (
				378F62BF1A3FD88E00C6FA72 /* IsItPrimeTests.swift in Sources */,
			);
			runOnlyForDeploymentPostprocessing = 0;
		};
/* End PBXSourcesBuildPhase section */

/* Begin PBXTargetDependency section */
		378F62BA1A3FD88E00C6FA72 /* PBXTargetDependency */ = {
			isa = PBXTargetDependency;
			target = 378F62A21A3FD88E00C6FA72 /* IsItPrime */;
			targetProxy = 378F62B91A3FD88E00C6FA72 /* PBXContainerItemProxy */;
		};
/* End PBXTargetDependency section */

/* Begin PBXVariantGroup section */
		378F62AC1A3FD88E00C6FA72 /* Main.storyboard */ = {
			isa = PBXVariantGroup;
			children = (
				378F62AD1A3FD88E00C6FA72 /* Base */,
			);
			name = Main.storyboard;
			sourceTree = "<group>";
		};
		378F62B11A3FD88E00C6FA72 /* LaunchScreen.xib */ = {
			isa = PBXVariantGroup;
			children = (
				378F62B21A3FD88E00C6FA72 /* Base */,
			);
			name = LaunchScreen.xib;
			sourceTree = "<group>";
		};
/* End PBXVariantGroup section */

/* Begin XCBuildConfiguration section */
		378F62C01A3FD88E00C6FA72 /* Debug */ = {
			isa = XCBuildConfiguration;
			buildSettings = {
				ALWAYS_SEARCH_USER_PATHS = NO;
				CLANG_CXX_LANGUAGE_STANDARD = "gnu++0x";
				CLANG_CXX_LIBRARY = "libc++";
				CLANG_ENABLE_MODULES = YES;
				CLANG_ENABLE_OBJC_ARC = YES;
				CLANG_WARN_BOOL_CONVERSION = YES;
				CLANG_WARN_CONSTANT_CONVERSION = YES;
				CLANG_WARN_DIRECT_OBJC_ISA_USAGE = YES_ERROR;
				CLANG_WARN_EMPTY_BODY = YES;
				CLANG_WARN_ENUM_CONVERSION = YES;
				CLANG_WARN_INT_CONVERSION = YES;
				CLANG_WARN_OBJC_ROOT_CLASS = YES_ERROR;
				CLANG_WARN_UNREACHABLE_CODE = YES;
				CLANG_WARN__DUPLICATE_METHOD_MATCH = YES;
				"CODE_SIGN_IDENTITY[sdk=iphoneos*]" = "iPhone Developer";
				COPY_PHASE_STRIP = NO;
				ENABLE_STRICT_OBJC_MSGSEND = YES;
				GCC_C_LANGUAGE_STANDARD = gnu99;
				GCC_DYNAMIC_NO_PIC = NO;
				GCC_OPTIMIZATION_LEVEL = 0;
				GCC_PREPROCESSOR_DEFINITIONS = (
					"DEBUG=1",
					"$(inherited)",
				);
				GCC_SYMBOLS_PRIVATE_EXTERN = NO;
				GCC_WARN_64_TO_32_BIT_CONVERSION = YES;
				GCC_WARN_ABOUT_RETURN_TYPE = YES_ERROR;
				GCC_WARN_UNDECLARED_SELECTOR = YES;
				GCC_WARN_UNINITIALIZED_AUTOS = YES_AGGRESSIVE;
				GCC_WARN_UNUSED_FUNCTION = YES;
				GCC_WARN_UNUSED_VARIABLE = YES;
				IPHONEOS_DEPLOYMENT_TARGET = 8.1;
				MTL_ENABLE_DEBUG_INFO = YES;
				ONLY_ACTIVE_ARCH = YES;
				SDKROOT = iphoneos;
				SWIFT_OPTIMIZATION_LEVEL = "-Onone";
			};
			name = Debug;
		};
		378F62C11A3FD88E00C6FA72 /* Release */ = {
			isa = XCBuildConfiguration;
			buildSettings = {
				ALWAYS_SEARCH_USER_PATHS = NO;
				CLANG_CXX_LANGUAGE_STANDARD = "gnu++0x";
				CLANG_CXX_LIBRARY = "libc++";
				CLANG_ENABLE_MODULES = YES;
				CLANG_ENABLE_OBJC_ARC = YES;
				CLANG_WARN_BOOL_CONVERSION = YES;
				CLANG_WARN_CONSTANT_CONVERSION = YES;
				CLANG_WARN_DIRECT_OBJC_ISA_USAGE = YES_ERROR;
				CLANG_WARN_EMPTY_BODY = YES;
				CLANG_WARN_ENUM_CONVERSION = YES;
				CLANG_WARN_INT_CONVERSION = YES;
				CLANG_WARN_OBJC_ROOT_CLASS = YES_ERROR;
				CLANG_WARN_UNREACHABLE_CODE = YES;
				CLANG_WARN__DUPLICATE_METHOD_MATCH = YES;
				"CODE_SIGN_IDENTITY[sdk=iphoneos*]" = "iPhone Developer";
				COPY_PHASE_STRIP = YES;
				ENABLE_NS_ASSERTIONS = NO;
				ENABLE_STRICT_OBJC_MSGSEND = YES;
				GCC_C_LANGUAGE_STANDARD = gnu99;
				GCC_WARN_64_TO_32_BIT_CONVERSION = YES;
				GCC_WARN_ABOUT_RETURN_TYPE = YES_ERROR;
				GCC_WARN_UNDECLARED_SELECTOR = YES;
				GCC_WARN_UNINITIALIZED_AUTOS = YES_AGGRESSIVE;
				GCC_WARN_UNUSED_FUNCTION = YES;
				GCC_WARN_UNUSED_VARIABLE = YES;
				IPHONEOS_DEPLOYMENT_TARGET = 8.1;
				MTL_ENABLE_DEBUG_INFO = NO;
				SDKROOT = iphoneos;
				VALIDATE_PRODUCT = YES;
			};
			name = Release;
		};
		378F62C31A3FD88E00C6FA72 /* Debug */ = {
			isa = XCBuildConfiguration;
			buildSettings = {
				ASSETCATALOG_COMPILER_APPICON_NAME = AppIcon;
				INFOPLIST_FILE = IsItPrime/Info.plist;
				LD_RUNPATH_SEARCH_PATHS = "$(inherited) @executable_path/Frameworks";
				PRODUCT_NAME = "$(TARGET_NAME)";
			};
			name = Debug;
		};
		378F62C41A3FD88E00C6FA72 /* Release */ = {
			isa = XCBuildConfiguration;
			buildSettings = {
				ASSETCATALOG_COMPILER_APPICON_NAME = AppIcon;
				INFOPLIST_FILE = IsItPrime/Info.plist;
				LD_RUNPATH_SEARCH_PATHS = "$(inherited) @executable_path/Frameworks";
				PRODUCT_NAME = "$(TARGET_NAME)";
			};
			name = Release;
		};
		378F62C61A3FD88E00C6FA72 /* Debug */ = {
			isa = XCBuildConfiguration;
			buildSettings = {
				BUNDLE_LOADER = "$(TEST_HOST)";
				FRAMEWORK_SEARCH_PATHS = (
					"$(SDKROOT)/Developer/Library/Frameworks",
					"$(inherited)",
				);
				GCC_PREPROCESSOR_DEFINITIONS = (
					"DEBUG=1",
					"$(inherited)",
				);
				INFOPLIST_FILE = IsItPrimeTests/Info.plist;
				LD_RUNPATH_SEARCH_PATHS = "$(inherited) @executable_path/Frameworks @loader_path/Frameworks";
				PRODUCT_NAME = "$(TARGET_NAME)";
				TEST_HOST = "$(BUILT_PRODUCTS_DIR)/IsItPrime.app/IsItPrime";
			};
			name = Debug;
		};
		378F62C71A3FD88E00C6FA72 /* Release */ = {
			isa = XCBuildConfiguration;
			buildSettings = {
				BUNDLE_LOADER = "$(TEST_HOST)";
				FRAMEWORK_SEARCH_PATHS = (
					"$(SDKROOT)/Developer/Library/Frameworks",
					"$(inherited)",
				);
				INFOPLIST_FILE = IsItPrimeTests/Info.plist;
				LD_RUNPATH_SEARCH_PATHS = "$(inherited) @executable_path/Frameworks @loader_path/Frameworks";
				PRODUCT_NAME = "$(TARGET_NAME)";
				TEST_HOST = "$(BUILT_PRODUCTS_DIR)/IsItPrime.app/IsItPrime";
			};
			name = Release;
		};
/* End XCBuildConfiguration section */

/* Begin XCConfigurationList section */
		378F629E1A3FD88E00C6FA72 /* Build configuration list for PBXProject "IsItPrime" */ = {
			isa = XCConfigurationList;
			buildConfigurations = (
				378F62C01A3FD88E00C6FA72 /* Debug */,
				378F62C11A3FD88E00C6FA72 /* Release */,
			);
			defaultConfigurationIsVisible = 0;
			defaultConfigurationName = Release;
		};
		378F62C21A3FD88E00C6FA72 /* Build configuration list for PBXNativeTarget "IsItPrime" */ = {
			isa = XCConfigurationList;
			buildConfigurations = (
				378F62C31A3FD88E00C6FA72 /* Debug */,
				378F62C41A3FD88E00C6FA72 /* Release */,
			);
			defaultConfigurationIsVisible = 0;
		};
		378F62C51A3FD88E00C6FA72 /* Build configuration list for PBXNativeTarget "IsItPrimeTests" */ = {
			isa = XCConfigurationList;
			buildConfigurations = (
				378F62C61A3FD88E00C6FA72 /* Debug */,
				378F62C71A3FD88E00C6FA72 /* Release */,
			);
			defaultConfigurationIsVisible = 0;
		};
/* End XCConfigurationList section */
	};
	rootObject = 378F629B1A3FD88E00C6FA72 /* Project object */;
}
